
Microsoft Visual Studio Solution File, Format Version 11.00
# Visual Studio 2010
Project("{FAE04EC0-301F-11D3-BF4B-00C04F79EFBC}") = "trelclone", "Assembly-CSharp.csproj", "{A862855A-36F3-D781-9FCA-09D50B7E8B7A}"
EndProject
Project("{FAE04EC0-301F-11D3-BF4B-00C04F79EFBC}") = "trelclone", "Assembly-CSharp-Editor.csproj", "{BF236996-D0AD-1D10-51F3-DAB2CE508035}"
EndProject
Global
	GlobalSection(SolutionConfigurationPlatforms) = preSolution
		Debug|Any CPU = Debug|Any CPU
		Release|Any CPU = Release|Any CPU
	EndGlobalSection
	GlobalSection(ProjectConfigurationPlatforms) = postSolution
		{A862855A-36F3-D781-9FCA-09D50B7E8B7A}.Debug|Any CPU.ActiveCfg = Debug|Any CPU
		{A862855A-36F3-D781-9FCA-09D50B7E8B7A}.Debug|Any CPU.Build.0 = Debug|Any CPU
		{A862855A-36F3-D781-9FCA-09D50B7E8B7A}.Release|Any CPU.ActiveCfg = Release|Any CPU
		{A862855A-36F3-D781-9FCA-09D50B7E8B7A}.Release|Any CPU.Build.0 = Release|Any CPU
		{BF236996-D0AD-1D10-51F3-DAB2CE508035}.Debug|Any CPU.ActiveCfg = Debug|Any CPU
		{BF236996-D0AD-1D10-51F3-DAB2CE508035}.Debug|Any CPU.Build.0 = Debug|Any CPU
		{BF236996-D0AD-1D10-51F3-DAB2CE508035}.Release|Any CPU.ActiveCfg = Release|Any CPU
		{BF236996-D0AD-1D10-51F3-DAB2CE508035}.Release|Any CPU.Build.0 = Release|Any CPU
	EndGlobalSection
	GlobalSection(SolutionProperties) = preSolution
		HideSolutionNode = FALSE
	EndGlobalSection
	GlobalSection(MonoDevelopProperties) = preSolution
		StartupItem = Assembly-CSharp.csproj
	EndGlobalSection
EndGlobal
